// !$*UTF8*$!
{
	archiveVersion = 1;
	classes = {
	};
	objectVersion = 77;
	objects = {

/* Begin PBXBuildFile section */
		6D6708452EDD302B00664C7F /* WidgetKit.framework in Frameworks */ = {isa = PBXBuildFile; fileRef = 6D6708442EDD302B00664C7F /* WidgetKit.framework */; };
		6D6708472EDD302B00664C7F /* SwiftUI.framework in Frameworks */ = {isa = PBXBuildFile; fileRef = 6D6708462EDD302B00664C7F /* SwiftUI.framework */; };
		6D6708582EDD302C00664C7F /* PersonalTrainerAppRestTimerWidgetExtension.appex in Embed Foundation Extensions */ = {isa = PBXBuildFile; fileRef = 6D6708422EDD302B00664C7F /* PersonalTrainerAppRestTimerWidgetExtension.appex */; settings = {ATTRIBUTES = (RemoveHeadersOnCopy, ); }; };
/* End PBXBuildFile section */

/* Begin PBXContainerItemProxy section */
		6D43F9EE2EDA709C0048DBBF /* PBXContainerItemProxy */ = {
			isa = PBXContainerItemProxy;
			containerPortal = 6D43F9D82EDA709B0048DBBF /* Project object */;
			proxyType = 1;
			remoteGlobalIDString = 6D43F9DF2EDA709B0048DBBF;
			remoteInfo = PersonalTrainerApp;
		};
		6D43F9F82EDA709C0048DBBF /* PBXContainerItemProxy */ = {
			isa = PBXContainerItemProxy;
			containerPortal = 6D43F9D82EDA709B0048DBBF /* Project object */;
			proxyType = 1;
			remoteGlobalIDString = 6D43F9DF2EDA709B0048DBBF;
			remoteInfo = PersonalTrainerApp;
		};
		6D6708562EDD302C00664C7F /* PBXContainerItemProxy */ = {
			isa = PBXContainerItemProxy;
			containerPortal = 6D43F9D82EDA709B0048DBBF /* Project object */;
			proxyType = 1;
			remoteGlobalIDString = 6D6708412EDD302B00664C7F;
			remoteInfo = PersonalTrainerAppRestTimerWidgetExtension;
		};
/* End PBXContainerItemProxy section */

/* Begin PBXCopyFilesBuildPhase section */
		6D67085D2EDD302C00664C7F /* Embed Foundation Extensions */ = {
			isa = PBXCopyFilesBuildPhase;
			buildActionMask = 2147483647;
			dstPath = "";
			dstSubfolderSpec = 13;
			files = (
				6D6708582EDD302C00664C7F /* PersonalTrainerAppRestTimerWidgetExtension.appex in Embed Foundation Extensions */,
			);
			name = "Embed Foundation Extensions";
			runOnlyForDeploymentPostprocessing = 0;
		};
/* End PBXCopyFilesBuildPhase section */

/* Begin PBXFileReference section */
		6D43F9E02EDA709B0048DBBF /* PersonalTrainerApp.app */ = {isa = PBXFileReference; explicitFileType = wrapper.application; includeInIndex = 0; path = PersonalTrainerApp.app; sourceTree = BUILT_PRODUCTS_DIR; };
		6D43F9ED2EDA709C0048DBBF /* PersonalTrainerAppTests.xctest */ = {isa = PBXFileReference; explicitFileType = wrapper.cfbundle; includeInIndex = 0; path = PersonalTrainerAppTests.xctest; sourceTree = BUILT_PRODUCTS_DIR; };
		6D43F9F72EDA709C0048DBBF /* PersonalTrainerAppUITests.xctest */ = {isa = PBXFileReference; explicitFileType = wrapper.cfbundle; includeInIndex = 0; path = PersonalTrainerAppUITests.xctest; sourceTree = BUILT_PRODUCTS_DIR; };
		6D6708422EDD302B00664C7F /* PersonalTrainerAppRestTimerWidgetExtension.appex */ = {isa = PBXFileReference; explicitFileType = "wrapper.app-extension"; includeInIndex = 0; path = PersonalTrainerAppRestTimerWidgetExtension.appex; sourceTree = BUILT_PRODUCTS_DIR; };
		6D6708442EDD302B00664C7F /* WidgetKit.framework */ = {isa = PBXFileReference; lastKnownFileType = wrapper.framework; name = WidgetKit.framework; path = System/Library/Frameworks/WidgetKit.framework; sourceTree = SDKROOT; };
		6D6708462EDD302B00664C7F /* SwiftUI.framework */ = {isa = PBXFileReference; lastKnownFileType = wrapper.framework; name = SwiftUI.framework; path = System/Library/Frameworks/SwiftUI.framework; sourceTree = SDKROOT; };
/* End PBXFileReference section */

/* Begin PBXFileSystemSynchronizedBuildFileExceptionSet section */
		6D6708592EDD302C00664C7F /* Exceptions for "PersonalTrainerAppRestTimerWidget" folder in "PersonalTrainerAppRestTimerWidgetExtension" target */ = {
			isa = PBXFileSystemSynchronizedBuildFileExceptionSet;
			membershipExceptions = (
				Info.plist,
			);
			target = 6D6708412EDD302B00664C7F /* PersonalTrainerAppRestTimerWidgetExtension */;
		};
		6D67085F2EDD329A00664C7F /* Exceptions for "PersonalTrainerApp" folder in "PersonalTrainerAppRestTimerWidgetExtension" target */ = {
			isa = PBXFileSystemSynchronizedBuildFileExceptionSet;
			membershipExceptions = (
				TimerAttributes.swift,
			);
			target = 6D6708412EDD302B00664C7F /* PersonalTrainerAppRestTimerWidgetExtension */;
		};
/* End PBXFileSystemSynchronizedBuildFileExceptionSet section */

/* Begin PBXFileSystemSynchronizedRootGroup section */
		6D43F9E22EDA709B0048DBBF /* PersonalTrainerApp */ = {
			isa = PBXFileSystemSynchronizedRootGroup;
			exceptions = (
				6D67085F2EDD329A00664C7F /* Exceptions for "PersonalTrainerApp" folder in "PersonalTrainerAppRestTimerWidgetExtension" target */,
			);
			path = PersonalTrainerApp;
			sourceTree = "<group>";
		};
		6D43F9F02EDA709C0048DBBF /* PersonalTrainerAppTests */ = {
			isa = PBXFileSystemSynchronizedRootGroup;
			path = PersonalTrainerAppTests;
			sourceTree = "<group>";
		};
		6D43F9FA2EDA709C0048DBBF /* PersonalTrainerAppUITests */ = {
			isa = PBXFileSystemSynchronizedRootGroup;
			path = PersonalTrainerAppUITests;
			sourceTree = "<group>";
		};
		6D6708482EDD302B00664C7F /* PersonalTrainerAppRestTimerWidget */ = {
			isa = PBXFileSystemSynchronizedRootGroup;
			exceptions = (
				6D6708592EDD302C00664C7F /* Exceptions for "PersonalTrainerAppRestTimerWidget" folder in "PersonalTrainerAppRestTimerWidgetExtension" target */,
			);
			path = PersonalTrainerAppRestTimerWidget;
			sourceTree = "<group>";
		};
/* End PBXFileSystemSynchronizedRootGroup section */

/* Begin PBXFrameworksBuildPhase section */
		6D43F9DD2EDA709B0048DBBF /* Frameworks */ = {
			isa = PBXFrameworksBuildPhase;
			buildActionMask = 2147483647;
			files = (
			);
			runOnlyForDeploymentPostprocessing = 0;
		};
		6D43F9EA2EDA709C0048DBBF /* Frameworks */ = {
			isa = PBXFrameworksBuildPhase;
			buildActionMask = 2147483647;
			files = (
			);
			runOnlyForDeploymentPostprocessing = 0;
		};
		6D43F9F42EDA709C0048DBBF /* Frameworks */ = {
			isa = PBXFrameworksBuildPhase;
			buildActionMask = 2147483647;
			files = (
			);
			runOnlyForDeploymentPostprocessing = 0;
		};
		6D67083F2EDD302B00664C7F /* Frameworks */ = {
			isa = PBXFrameworksBuildPhase;
			buildActionMask = 2147483647;
			files = (
				6D6708472EDD302B00664C7F /* SwiftUI.framework in Frameworks */,
				6D6708452EDD302B00664C7F /* WidgetKit.framework in Frameworks */,
			);
			runOnlyForDeploymentPostprocessing = 0;
		};
/* End PBXFrameworksBuildPhase section */

/* Begin PBXGroup section */
		6D43F9D72EDA709B0048DBBF = {
			isa = PBXGroup;
			children = (
				6D43F9E22EDA709B0048DBBF /* PersonalTrainerApp */,
				6D43F9F02EDA709C0048DBBF /* PersonalTrainerAppTests */,
				6D43F9FA2EDA709C0048DBBF /* PersonalTrainerAppUITests */,
				6D6708482EDD302B00664C7F /* PersonalTrainerAppRestTimerWidget */,
				6D6708432EDD302B00664C7F /* Frameworks */,
				6D43F9E12EDA709B0048DBBF /* Products */,
			);
			sourceTree = "<group>";
		};
		6D43F9E12EDA709B0048DBBF /* Products */ = {
			isa = PBXGroup;
			children = (
				6D43F9E02EDA709B0048DBBF /* PersonalTrainerApp.app */,
				6D43F9ED2EDA709C0048DBBF /* PersonalTrainerAppTests.xctest */,
				6D43F9F72EDA709C0048DBBF /* PersonalTrainerAppUITests.xctest */,
				6D6708422EDD302B00664C7F /* PersonalTrainerAppRestTimerWidgetExtension.appex */,
			);
			name = Products;
			sourceTree = "<group>";
		};
		6D6708432EDD302B00664C7F /* Frameworks */ = {
			isa = PBXGroup;
			children = (
				6D6708442EDD302B00664C7F /* WidgetKit.framework */,
				6D6708462EDD302B00664C7F /* SwiftUI.framework */,
			);
			name = Frameworks;
			sourceTree = "<group>";
		};
/* End PBXGroup section */

/* Begin PBXNativeTarget section */
		6D43F9DF2EDA709B0048DBBF /* PersonalTrainerApp */ = {
			isa = PBXNativeTarget;
			buildConfigurationList = 6D43FA012EDA709C0048DBBF /* Build configuration list for PBXNativeTarget "PersonalTrainerApp" */;
			buildPhases = (
				6D43F9DC2EDA709B0048DBBF /* Sources */,
				6D43F9DD2EDA709B0048DBBF /* Frameworks */,
				6D43F9DE2EDA709B0048DBBF /* Resources */,
				6D67085D2EDD302C00664C7F /* Embed Foundation Extensions */,
			);
			buildRules = (
			);
			dependencies = (
				6D6708572EDD302C00664C7F /* PBXTargetDependency */,
			);
			fileSystemSynchronizedGroups = (
				6D43F9E22EDA709B0048DBBF /* PersonalTrainerApp */,
			);
			name = PersonalTrainerApp;
			packageProductDependencies = (
			);
			productName = PersonalTrainerApp;
			productReference = 6D43F9E02EDA709B0048DBBF /* PersonalTrainerApp.app */;
			productType = "com.apple.product-type.application";
		};
		6D43F9EC2EDA709C0048DBBF /* PersonalTrainerAppTests */ = {
			isa = PBXNativeTarget;
			buildConfigurationList = 6D43FA042EDA709C0048DBBF /* Build configuration list for PBXNativeTarget "PersonalTrainerAppTests" */;
			buildPhases = (
				6D43F9E92EDA709C0048DBBF /* Sources */,
				6D43F9EA2EDA709C0048DBBF /* Frameworks */,
				6D43F9EB2EDA709C0048DBBF /* Resources */,
			);
			buildRules = (
			);
			dependencies = (
				6D43F9EF2EDA709C0048DBBF /* PBXTargetDependency */,
			);
			fileSystemSynchronizedGroups = (
				6D43F9F02EDA709C0048DBBF /* PersonalTrainerAppTests */,
			);
			name = PersonalTrainerAppTests;
			packageProductDependencies = (
			);
			productName = PersonalTrainerAppTests;
			productReference = 6D43F9ED2EDA709C0048DBBF /* PersonalTrainerAppTests.xctest */;
			productType = "com.apple.product-type.bundle.unit-test";
		};
		6D43F9F62EDA709C0048DBBF /* PersonalTrainerAppUITests */ = {
			isa = PBXNativeTarget;
			buildConfigurationList = 6D43FA072EDA709C0048DBBF /* Build configuration list for PBXNativeTarget "PersonalTrainerAppUITests" */;
			buildPhases = (
				6D43F9F32EDA709C0048DBBF /* Sources */,
				6D43F9F42EDA709C0048DBBF /* Frameworks */,
				6D43F9F52EDA709C0048DBBF /* Resources */,
			);
			buildRules = (
			);
			dependencies = (
				6D43F9F92EDA709C0048DBBF /* PBXTargetDependency */,
			);
			fileSystemSynchronizedGroups = (
				6D43F9FA2EDA709C0048DBBF /* PersonalTrainerAppUITests */,
			);
			name = PersonalTrainerAppUITests;
			packageProductDependencies = (
			);
			productName = PersonalTrainerAppUITests;
			productReference = 6D43F9F72EDA709C0048DBBF /* PersonalTrainerAppUITests.xctest */;
			productType = "com.apple.product-type.bundle.ui-testing";
		};
		6D6708412EDD302B00664C7F /* PersonalTrainerAppRestTimerWidgetExtension */ = {
			isa = PBXNativeTarget;
			buildConfigurationList = 6D67085A2EDD302C00664C7F /* Build configuration list for PBXNativeTarget "PersonalTrainerAppRestTimerWidgetExtension" */;
			buildPhases = (
				6D67083E2EDD302B00664C7F /* Sources */,
				6D67083F2EDD302B00664C7F /* Frameworks */,
				6D6708402EDD302B00664C7F /* Resources */,
			);
			buildRules = (
			);
			dependencies = (
			);
			fileSystemSynchronizedGroups = (
				6D6708482EDD302B00664C7F /* PersonalTrainerAppRestTimerWidget */,
			);
			name = PersonalTrainerAppRestTimerWidgetExtension;
			packageProductDependencies = (
			);
			productName = PersonalTrainerAppRestTimerWidgetExtension;
			productReference = 6D6708422EDD302B00664C7F /* PersonalTrainerAppRestTimerWidgetExtension.appex */;
			productType = "com.apple.product-type.app-extension";
		};
/* End PBXNativeTarget section */

/* Begin PBXProject section */
		6D43F9D82EDA709B0048DBBF /* Project object */ = {
			isa = PBXProject;
			attributes = {
				BuildIndependentTargetsInParallel = 1;
				LastSwiftUpdateCheck = 1640;
				LastUpgradeCheck = 1640;
				TargetAttributes = {
					6D43F9DF2EDA709B0048DBBF = {
						CreatedOnToolsVersion = 16.4;
					};
					6D43F9EC2EDA709C0048DBBF = {
						CreatedOnToolsVersion = 16.4;
						TestTargetID = 6D43F9DF2EDA709B0048DBBF;
					};
					6D43F9F62EDA709C0048DBBF = {
						CreatedOnToolsVersion = 16.4;
						TestTargetID = 6D43F9DF2EDA709B0048DBBF;
					};
					6D6708412EDD302B00664C7F = {
						CreatedOnToolsVersion = 16.4;
					};
				};
			};
			buildConfigurationList = 6D43F9DB2EDA709B0048DBBF /* Build configuration list for PBXProject "PersonalTrainerApp" */;
			developmentRegion = en;
			hasScannedForEncodings = 0;
			knownRegions = (
				en,
				Base,
			);
			mainGroup = 6D43F9D72EDA709B0048DBBF;
			minimizedProjectReferenceProxies = 1;
			preferredProjectObjectVersion = 77;
			productRefGroup = 6D43F9E12EDA709B0048DBBF /* Products */;
			projectDirPath = "";
			projectRoot = "";
			targets = (
				6D43F9DF2EDA709B0048DBBF /* PersonalTrainerApp */,
				6D43F9EC2EDA709C0048DBBF /* PersonalTrainerAppTests */,
				6D43F9F62EDA709C0048DBBF /* PersonalTrainerAppUITests */,
				6D6708412EDD302B00664C7F /* PersonalTrainerAppRestTimerWidgetExtension */,
			);
		};
/* End PBXProject section */

/* Begin PBXResourcesBuildPhase section */
		6D43F9DE2EDA709B0048DBBF /* Resources */ = {
			isa = PBXResourcesBuildPhase;
			buildActionMask = 2147483647;
			files = (
			);
			runOnlyForDeploymentPostprocessing = 0;
		};
		6D43F9EB2EDA709C0048DBBF /* Resources */ = {
			isa = PBXResourcesBuildPhase;
			buildActionMask = 2147483647;
			files = (
			);
			runOnlyForDeploymentPostprocessing = 0;
		};
		6D43F9F52EDA709C0048DBBF /* Resources */ = {
			isa = PBXResourcesBuildPhase;
			buildActionMask = 2147483647;
			files = (
			);
			runOnlyForDeploymentPostprocessing = 0;
		};
		6D6708402EDD302B00664C7F /* Resources */ = {
			isa = PBXResourcesBuildPhase;
			buildActionMask = 2147483647;
			files = (
			);
			runOnlyForDeploymentPostprocessing = 0;
		};
/* End PBXResourcesBuildPhase section */

/* Begin PBXSourcesBuildPhase section */
		6D43F9DC2EDA709B0048DBBF /* Sources */ = {
			isa = PBXSourcesBuildPhase;
			buildActionMask = 2147483647;
			files = (
			);
			runOnlyForDeploymentPostprocessing = 0;
		};
		6D43F9E92EDA709C0048DBBF /* Sources */ = {
			isa = PBXSourcesBuildPhase;
			buildActionMask = 2147483647;
			files = (
			);
			runOnlyForDeploymentPostprocessing = 0;
		};
		6D43F9F32EDA709C0048DBBF /* Sources */ = {
			isa = PBXSourcesBuildPhase;
			buildActionMask = 2147483647;
			files = (
			);
			runOnlyForDeploymentPostprocessing = 0;
		};
		6D67083E2EDD302B00664C7F /* Sources */ = {
			isa = PBXSourcesBuildPhase;
			buildActionMask = 2147483647;
			files = (
			);
			runOnlyForDeploymentPostprocessing = 0;
		};
/* End PBXSourcesBuildPhase section */

/* Begin PBXTargetDependency section */
		6D43F9EF2EDA709C0048DBBF /* PBXTargetDependency */ = {
			isa = PBXTargetDependency;
			target = 6D43F9DF2EDA709B0048DBBF /* PersonalTrainerApp */;
			targetProxy = 6D43F9EE2EDA709C0048DBBF /* PBXContainerItemProxy */;
		};
		6D43F9F92EDA709C0048DBBF /* PBXTargetDependency */ = {
			isa = PBXTargetDependency;
			target = 6D43F9DF2EDA709B0048DBBF /* PersonalTrainerApp */;
			targetProxy = 6D43F9F82EDA709C0048DBBF /* PBXContainerItemProxy */;
		};
		6D6708572EDD302C00664C7F /* PBXTargetDependency */ = {
			isa = PBXTargetDependency;
			target = 6D6708412EDD302B00664C7F /* PersonalTrainerAppRestTimerWidgetExtension */;
			targetProxy = 6D6708562EDD302C00664C7F /* PBXContainerItemProxy */;
		};
/* End PBXTargetDependency section */

/* Begin XCBuildConfiguration section */
		6D43F9FF2EDA709C0048DBBF /* Debug */ = {
			isa = XCBuildConfiguration;
			buildSettings = {
				ALWAYS_SEARCH_USER_PATHS = NO;
				ASSETCATALOG_COMPILER_GENERATE_SWIFT_ASSET_SYMBOL_EXTENSIONS = YES;
				CLANG_ANALYZER_NONNULL = YES;
				CLANG_ANALYZER_NUMBER_OBJECT_CONVERSION = YES_AGGRESSIVE;
				CLANG_CXX_LANGUAGE_STANDARD = "gnu++20";
				CLANG_ENABLE_MODULES = YES;
				CLANG_ENABLE_OBJC_ARC = YES;
				CLANG_ENABLE_OBJC_WEAK = YES;
				CLANG_WARN_BLOCK_CAPTURE_AUTORELEASING = YES;
				CLANG_WARN_BOOL_CONVERSION = YES;
				CLANG_WARN_COMMA = YES;
				CLANG_WARN_CONSTANT_CONVERSION = YES;
				CLANG_WARN_DEPRECATED_OBJC_IMPLEMENTATIONS = YES;
				CLANG_WARN_DIRECT_OBJC_ISA_USAGE = YES_ERROR;
				CLANG_WARN_DOCUMENTATION_COMMENTS = YES;
				CLANG_WARN_EMPTY_BODY = YES;
				CLANG_WARN_ENUM_CONVERSION = YES;
				CLANG_WARN_INFINITE_RECURSION = YES;
				CLANG_WARN_INT_CONVERSION = YES;
				CLANG_WARN_NON_LITERAL_NULL_CONVERSION = YES;
				CLANG_WARN_OBJC_IMPLICIT_RETAIN_SELF = YES;
				CLANG_WARN_OBJC_LITERAL_CONVERSION = YES;
				CLANG_WARN_OBJC_ROOT_CLASS = YES_ERROR;
				CLANG_WARN_QUOTED_INCLUDE_IN_FRAMEWORK_HEADER = YES;
				CLANG_WARN_RANGE_LOOP_ANALYSIS = YES;
				CLANG_WARN_STRICT_PROTOTYPES = YES;
				CLANG_WARN_SUSPICIOUS_MOVE = YES;
				CLANG_WARN_UNGUARDED_AVAILABILITY = YES_AGGRESSIVE;
				CLANG_WARN_UNREACHABLE_CODE = YES;
				CLANG_WARN__DUPLICATE_METHOD_MATCH = YES;
				COPY_PHASE_STRIP = NO;
				DEBUG_INFORMATION_FORMAT = dwarf;
				DEVELOPMENT_TEAM = FJ47H5G4MH;
				ENABLE_STRICT_OBJC_MSGSEND = YES;
				ENABLE_TESTABILITY = YES;
				ENABLE_USER_SCRIPT_SANDBOXING = YES;
				GCC_C_LANGUAGE_STANDARD = gnu17;
				GCC_DYNAMIC_NO_PIC = NO;
				GCC_NO_COMMON_BLOCKS = YES;
				GCC_OPTIMIZATION_LEVEL = 0;
				GCC_PREPROCESSOR_DEFINITIONS = (
					"DEBUG=1",
					"$(inherited)",
				);
				GCC_WARN_64_TO_32_BIT_CONVERSION = YES;
				GCC_WARN_ABOUT_RETURN_TYPE = YES_ERROR;
				GCC_WARN_UNDECLARED_SELECTOR = YES;
				GCC_WARN_UNINITIALIZED_AUTOS = YES_AGGRESSIVE;
				GCC_WARN_UNUSED_FUNCTION = YES;
				GCC_WARN_UNUSED_VARIABLE = YES;
				IPHONEOS_DEPLOYMENT_TARGET = 18.5;
				LOCALIZATION_PREFERS_STRING_CATALOGS = YES;
				MTL_ENABLE_DEBUG_INFO = INCLUDE_SOURCE;
				MTL_FAST_MATH = YES;
				ONLY_ACTIVE_ARCH = YES;
				SDKROOT = iphoneos;
				SWIFT_ACTIVE_COMPILATION_CONDITIONS = "DEBUG $(inherited)";
				SWIFT_OPTIMIZATION_LEVEL = "-Onone";
			};
			name = Debug;
		};
		6D43FA002EDA709C0048DBBF /* Release */ = {
			isa = XCBuildConfiguration;
			buildSettings = {
				ALWAYS_SEARCH_USER_PATHS = NO;
				ASSETCATALOG_COMPILER_GENERATE_SWIFT_ASSET_SYMBOL_EXTENSIONS = YES;
				CLANG_ANALYZER_NONNULL = YES;
				CLANG_ANALYZER_NUMBER_OBJECT_CONVERSION = YES_AGGRESSIVE;
				CLANG_CXX_LANGUAGE_STANDARD = "gnu++20";
				CLANG_ENABLE_MODULES = YES;
				CLANG_ENABLE_OBJC_ARC = YES;
				CLANG_ENABLE_OBJC_WEAK = YES;
				CLANG_WARN_BLOCK_CAPTURE_AUTORELEASING = YES;
				CLANG_WARN_BOOL_CONVERSION = YES;
				CLANG_WARN_COMMA = YES;
				CLANG_WARN_CONSTANT_CONVERSION = YES;
				CLANG_WARN_DEPRECATED_OBJC_IMPLEMENTATIONS = YES;
				CLANG_WARN_DIRECT_OBJC_ISA_USAGE = YES_ERROR;
				CLANG_WARN_DOCUMENTATION_COMMENTS = YES;
				CLANG_WARN_EMPTY_BODY = YES;
				CLANG_WARN_ENUM_CONVERSION = YES;
				CLANG_WARN_INFINITE_RECURSION = YES;
				CLANG_WARN_INT_CONVERSION = YES;
				CLANG_WARN_NON_LITERAL_NULL_CONVERSION = YES;
				CLANG_WARN_OBJC_IMPLICIT_RETAIN_SELF = YES;
				CLANG_WARN_OBJC_LITERAL_CONVERSION = YES;
				CLANG_WARN_OBJC_ROOT_CLASS = YES_ERROR;
				CLANG_WARN_QUOTED_INCLUDE_IN_FRAMEWORK_HEADER = YES;
				CLANG_WARN_RANGE_LOOP_ANALYSIS = YES;
				CLANG_WARN_STRICT_PROTOTYPES = YES;
				CLANG_WARN_SUSPICIOUS_MOVE = YES;
				CLANG_WARN_UNGUARDED_AVAILABILITY = YES_AGGRESSIVE;
				CLANG_WARN_UNREACHABLE_CODE = YES;
				CLANG_WARN__DUPLICATE_METHOD_MATCH = YES;
				COPY_PHASE_STRIP = NO;
				DEBUG_INFORMATION_FORMAT = "dwarf-with-dsym";
				DEVELOPMENT_TEAM = FJ47H5G4MH;
				ENABLE_NS_ASSERTIONS = NO;
				ENABLE_STRICT_OBJC_MSGSEND = YES;
				ENABLE_USER_SCRIPT_SANDBOXING = YES;
				GCC_C_LANGUAGE_STANDARD = gnu17;
				GCC_NO_COMMON_BLOCKS = YES;
				GCC_WARN_64_TO_32_BIT_CONVERSION = YES;
				GCC_WARN_ABOUT_RETURN_TYPE = YES_ERROR;
				GCC_WARN_UNDECLARED_SELECTOR = YES;
				GCC_WARN_UNINITIALIZED_AUTOS = YES_AGGRESSIVE;
				GCC_WARN_UNUSED_FUNCTION = YES;
				GCC_WARN_UNUSED_VARIABLE = YES;
				IPHONEOS_DEPLOYMENT_TARGET = 18.5;
				LOCALIZATION_PREFERS_STRING_CATALOGS = YES;
				MTL_ENABLE_DEBUG_INFO = NO;
				MTL_FAST_MATH = YES;
				SDKROOT = iphoneos;
				SWIFT_COMPILATION_MODE = wholemodule;
				VALIDATE_PRODUCT = YES;
			};
			name = Release;
		};
		6D43FA022EDA709C0048DBBF /* Debug */ = {
			isa = XCBuildConfiguration;
			buildSettings = {
				ASSETCATALOG_COMPILER_APPICON_NAME = AppIcon;
				ASSETCATALOG_COMPILER_GLOBAL_ACCENT_COLOR_NAME = AccentColor;
				CODE_SIGN_STYLE = Automatic;
				CURRENT_PROJECT_VERSION = 1;
				DEVELOPMENT_TEAM = FJ47H5G4MH;
				ENABLE_PREVIEWS = YES;
				GENERATE_INFOPLIST_FILE = YES;
				INFOPLIST_KEY_CFBundleDisplayName = "Sigma Training";
				INFOPLIST_KEY_LSApplicationCategoryType = "";
				INFOPLIST_KEY_NSSupportsLiveActivities = YES;
				INFOPLIST_KEY_UIApplicationSceneManifest_Generation = YES;
				INFOPLIST_KEY_UIApplicationSupportsIndirectInputEvents = YES;
				INFOPLIST_KEY_UILaunchScreen_Generation = YES;
				INFOPLIST_KEY_UISupportedInterfaceOrientations_iPad = "UIInterfaceOrientationPortrait UIInterfaceOrientationPortraitUpsideDown UIInterfaceOrientationLandscapeLeft UIInterfaceOrientationLandscapeRight";
				INFOPLIST_KEY_UISupportedInterfaceOrientations_iPhone = "UIInterfaceOrientationPortrait UIInterfaceOrientationLandscapeLeft UIInterfaceOrientationLandscapeRight";
				LD_RUNPATH_SEARCH_PATHS = (
					"$(inherited)",
					"@executable_path/Frameworks",
				);
				MARKETING_VERSION = 1.0;
				PRODUCT_BUNDLE_IDENTIFIER = jdai.PersonalTrainerApp;
				PRODUCT_NAME = "$(TARGET_NAME)";
				SWIFT_EMIT_LOC_STRINGS = YES;
				SWIFT_VERSION = 5.0;
				TARGETED_DEVICE_FAMILY = "1,2";
			};
			name = Debug;
		};
		6D43FA032EDA709C0048DBBF /* Release */ = {
			isa = XCBuildConfiguration;
			buildSettings = {
				ASSETCATALOG_COMPILER_APPICON_NAME = AppIcon;
				ASSETCATALOG_COMPILER_GLOBAL_ACCENT_COLOR_NAME = AccentColor;
				CODE_SIGN_STYLE = Automatic;
				CURRENT_PROJECT_VERSION = 1;
				DEVELOPMENT_TEAM = FJ47H5G4MH;
				ENABLE_PREVIEWS = YES;
				GENERATE_INFOPLIST_FILE = YES;
				INFOPLIST_KEY_CFBundleDisplayName = "Sigma Training";
				INFOPLIST_KEY_LSApplicationCategoryType = "";
				INFOPLIST_KEY_NSSupportsLiveActivities = YES;
				INFOPLIST_KEY_UIApplicationSceneManifest_Generation = YES;
				INFOPLIST_KEY_UIApplicationSupportsIndirectInputEvents = YES;
				INFOPLIST_KEY_UILaunchScreen_Generation = YES;
				INFOPLIST_KEY_UISupportedInterfaceOrientations_iPad = "UIInterfaceOrientationPortrait UIInterfaceOrientationPortraitUpsideDown UIInterfaceOrientationLandscapeLeft UIInterfaceOrientationLandscapeRight";
				INFOPLIST_KEY_UISupportedInterfaceOrientations_iPhone = "UIInterfaceOrientationPortrait UIInterfaceOrientationLandscapeLeft UIInterfaceOrientationLandscapeRight";
				LD_RUNPATH_SEARCH_PATHS = (
					"$(inherited)",
					"@executable_path/Frameworks",
				);
				MARKETING_VERSION = 1.0;
				PRODUCT_BUNDLE_IDENTIFIER = jdai.PersonalTrainerApp;
				PRODUCT_NAME = "$(TARGET_NAME)";
				SWIFT_EMIT_LOC_STRINGS = YES;
				SWIFT_VERSION = 5.0;
				TARGETED_DEVICE_FAMILY = "1,2";
			};
			name = Release;
		};
		6D43FA052EDA709C0048DBBF /* Debug */ = {
			isa = XCBuildConfiguration;
			buildSettings = {
				BUNDLE_LOADER = "$(TEST_HOST)";
				CODE_SIGN_STYLE = Automatic;
				CURRENT_PROJECT_VERSION = 1;
				DEVELOPMENT_TEAM = FJ47H5G4MH;
				GENERATE_INFOPLIST_FILE = YES;
				IPHONEOS_DEPLOYMENT_TARGET = 18.5;
				MARKETING_VERSION = 1.0;
				PRODUCT_BUNDLE_IDENTIFIER = jdai.PersonalTrainerAppTests;
				PRODUCT_NAME = "$(TARGET_NAME)";
				SWIFT_EMIT_LOC_STRINGS = NO;
				SWIFT_VERSION = 5.0;
				TARGETED_DEVICE_FAMILY = "1,2";
				TEST_HOST = "$(BUILT_PRODUCTS_DIR)/PersonalTrainerApp.app/$(BUNDLE_EXECUTABLE_FOLDER_PATH)/PersonalTrainerApp";
			};
			name = Debug;
		};
		6D43FA062EDA709C0048DBBF /* Release */ = {
			isa = XCBuildConfiguration;
			buildSettings = {
				BUNDLE_LOADER = "$(TEST_HOST)";
				CODE_SIGN_STYLE = Automatic;
				CURRENT_PROJECT_VERSION = 1;
				DEVELOPMENT_TEAM = FJ47H5G4MH;
				GENERATE_INFOPLIST_FILE = YES;
				IPHONEOS_DEPLOYMENT_TARGET = 18.5;
				MARKETING_VERSION = 1.0;
				PRODUCT_BUNDLE_IDENTIFIER = jdai.PersonalTrainerAppTests;
				PRODUCT_NAME = "$(TARGET_NAME)";
				SWIFT_EMIT_LOC_STRINGS = NO;
				SWIFT_VERSION = 5.0;
				TARGETED_DEVICE_FAMILY = "1,2";
				TEST_HOST = "$(BUILT_PRODUCTS_DIR)/PersonalTrainerApp.app/$(BUNDLE_EXECUTABLE_FOLDER_PATH)/PersonalTrainerApp";
			};
			name = Release;
		};
		6D43FA082EDA709C0048DBBF /* Debug */ = {
			isa = XCBuildConfiguration;
			buildSettings = {
				CODE_SIGN_STYLE = Automatic;
				CURRENT_PROJECT_VERSION = 1;
				DEVELOPMENT_TEAM = FJ47H5G4MH;
				GENERATE_INFOPLIST_FILE = YES;
				MARKETING_VERSION = 1.0;
				PRODUCT_BUNDLE_IDENTIFIER = jdai.PersonalTrainerAppUITests;
				PRODUCT_NAME = "$(TARGET_NAME)";
				SWIFT_EMIT_LOC_STRINGS = NO;
				SWIFT_VERSION = 5.0;
				TARGETED_DEVICE_FAMILY = "1,2";
				TEST_TARGET_NAME = PersonalTrainerApp;
			};
			name = Debug;
		};
		6D43FA092EDA709C0048DBBF /* Release */ = {
			isa = XCBuildConfiguration;
			buildSettings = {
				CODE_SIGN_STYLE = Automatic;
				CURRENT_PROJECT_VERSION = 1;
				DEVELOPMENT_TEAM = FJ47H5G4MH;
				GENERATE_INFOPLIST_FILE = YES;
				MARKETING_VERSION = 1.0;
				PRODUCT_BUNDLE_IDENTIFIER = jdai.PersonalTrainerAppUITests;
				PRODUCT_NAME = "$(TARGET_NAME)";
				SWIFT_EMIT_LOC_STRINGS = NO;
				SWIFT_VERSION = 5.0;
				TARGETED_DEVICE_FAMILY = "1,2";
				TEST_TARGET_NAME = PersonalTrainerApp;
			};
			name = Release;
		};
		6D67085B2EDD302C00664C7F /* Debug */ = {
			isa = XCBuildConfiguration;
			buildSettings = {
				ASSETCATALOG_COMPILER_GLOBAL_ACCENT_COLOR_NAME = AccentColor;
				ASSETCATALOG_COMPILER_WIDGET_BACKGROUND_COLOR_NAME = WidgetBackground;
				CODE_SIGN_STYLE = Automatic;
				CURRENT_PROJECT_VERSION = 1;
				DEVELOPMENT_TEAM = FJ47H5G4MH;
				GENERATE_INFOPLIST_FILE = YES;
				INFOPLIST_FILE = PersonalTrainerAppRestTimerWidget/Info.plist;
				INFOPLIST_KEY_CFBundleDisplayName = PersonalTrainerAppRestTimerWidget;
				INFOPLIST_KEY_NSHumanReadableCopyright = "";
				LD_RUNPATH_SEARCH_PATHS = (
					"$(inherited)",
					"@executable_path/Frameworks",
					"@executable_path/../../Frameworks",
				);
				MARKETING_VERSION = 1.0;
				PRODUCT_BUNDLE_IDENTIFIER = jdai.PersonalTrainerApp.PersonalTrainerAppRestTimerWidget;
				PRODUCT_NAME = "$(TARGET_NAME)";
				SKIP_INSTALL = YES;
				SWIFT_EMIT_LOC_STRINGS = YES;
				SWIFT_VERSION = 5.0;
				TARGETED_DEVICE_FAMILY = "1,2";
			};
			name = Debug;
		};
		6D67085C2EDD302C00664C7F /* Release */ = {
			isa = XCBuildConfiguration;
			buildSettings = {
				ASSETCATALOG_COMPILER_GLOBAL_ACCENT_COLOR_NAME = AccentColor;
				ASSETCATALOG_COMPILER_WIDGET_BACKGROUND_COLOR_NAME = WidgetBackground;
				CODE_SIGN_STYLE = Automatic;
				CURRENT_PROJECT_VERSION = 1;
				DEVELOPMENT_TEAM = FJ47H5G4MH;
				GENERATE_INFOPLIST_FILE = YES;
				INFOPLIST_FILE = PersonalTrainerAppRestTimerWidget/Info.plist;
				INFOPLIST_KEY_CFBundleDisplayName = PersonalTrainerAppRestTimerWidget;
				INFOPLIST_KEY_NSHumanReadableCopyright = "";
				LD_RUNPATH_SEARCH_PATHS = (
					"$(inherited)",
					"@executable_path/Frameworks",
					"@executable_path/../../Frameworks",
				);
				MARKETING_VERSION = 1.0;
				PRODUCT_BUNDLE_IDENTIFIER = jdai.PersonalTrainerApp.PersonalTrainerAppRestTimerWidget;
				PRODUCT_NAME = "$(TARGET_NAME)";
				SKIP_INSTALL = YES;
				SWIFT_EMIT_LOC_STRINGS = YES;
				SWIFT_VERSION = 5.0;
				TARGETED_DEVICE_FAMILY = "1,2";
			};
			name = Release;
		};
/* End XCBuildConfiguration section */

/* Begin XCConfigurationList section */
		6D43F9DB2EDA709B0048DBBF /* Build configuration list for PBXProject "PersonalTrainerApp" */ = {
			isa = XCConfigurationList;
			buildConfigurations = (
				6D43F9FF2EDA709C0048DBBF /* Debug */,
				6D43FA002EDA709C0048DBBF /* Release */,
			);
			defaultConfigurationIsVisible = 0;
			defaultConfigurationName = Release;
		};
		6D43FA012EDA709C0048DBBF /* Build configuration list for PBXNativeTarget "PersonalTrainerApp" */ = {
			isa = XCConfigurationList;
			buildConfigurations = (
				6D43FA022EDA709C0048DBBF /* Debug */,
				6D43FA032EDA709C0048DBBF /* Release */,
			);
			defaultConfigurationIsVisible = 0;
			defaultConfigurationName = Release;
		};
		6D43FA042EDA709C0048DBBF /* Build configuration list for PBXNativeTarget "PersonalTrainerAppTests" */ = {
			isa = XCConfigurationList;
			buildConfigurations = (
				6D43FA052EDA709C0048DBBF /* Debug */,
				6D43FA062EDA709C0048DBBF /* Release */,
			);
			defaultConfigurationIsVisible = 0;
			defaultConfigurationName = Release;
		};
		6D43FA072EDA709C0048DBBF /* Build configuration list for PBXNativeTarget "PersonalTrainerAppUITests" */ = {
			isa = XCConfigurationList;
			buildConfigurations = (
				6D43FA082EDA709C0048DBBF /* Debug */,
				6D43FA092EDA709C0048DBBF /* Release */,
			);
			defaultConfigurationIsVisible = 0;
			defaultConfigurationName = Release;
		};
		6D67085A2EDD302C00664C7F /* Build configuration list for PBXNativeTarget "PersonalTrainerAppRestTimerWidgetExtension" */ = {
			isa = XCConfigurationList;
			buildConfigurations = (
				6D67085B2EDD302C00664C7F /* Debug */,
				6D67085C2EDD302C00664C7F /* Release */,
			);
			defaultConfigurationIsVisible = 0;
			defaultConfigurationName = Release;
		};
/* End XCConfigurationList section */
	};
	rootObject = 6D43F9D82EDA709B0048DBBF /* Project object */;
}
